
Microsoft Visual Studio Solution File, Format Version 12.00
# Visual Studio Version 16
VisualStudioVersion = 16.0.34902.97
MinimumVisualStudioVersion = 10.0.40219.1
Project("{FAE04EC0-301F-11D3-BF4B-00C04F79EFBC}") = "CountryAPI", "CountryAPI\CountryAPI.csproj", "{3BF54AE4-A772-49BF-BC7B-54B39192054D}"
EndProject
Global
	GlobalSection(SolutionConfigurationPlatforms) = preSolution
		Debug|Any CPU = Debug|Any CPU
		Release|Any CPU = Release|Any CPU
	EndGlobalSection
	GlobalSection(ProjectConfigurationPlatforms) = postSolution
		{3BF54AE4-A772-49BF-BC7B-54B39192054D}.Debug|Any CPU.ActiveCfg = Debug|Any CPU
		{3BF54AE4-A772-49BF-BC7B-54B39192054D}.Debug|Any CPU.Build.0 = Debug|Any CPU
		{3BF54AE4-A772-49BF-BC7B-54B39192054D}.Release|Any CPU.ActiveCfg = Release|Any CPU
		{3BF54AE4-A772-49BF-BC7B-54B39192054D}.Release|Any CPU.Build.0 = Release|Any CPU
	EndGlobalSection
	GlobalSection(SolutionProperties) = preSolution
		HideSolutionNode = FALSE
	EndGlobalSection
	GlobalSection(ExtensibilityGlobals) = postSolution
		SolutionGuid = {9FFED003-4055-4D36-AE0C-A1B548D62CE2}
	EndGlobalSection
EndGlobal
