
Microsoft Visual Studio Solution File, Format Version 12.00
# Visual Studio Version 16
VisualStudioVersion = 16.0.34902.97
MinimumVisualStudioVersion = 10.0.40219.1
Project("{FAE04EC0-301F-11D3-BF4B-00C04F79EFBC}") = "Assignment 6", "Assignment 6\Assignment 6.csproj", "{05349958-4714-43DF-9AA4-1B13F006A6EA}"
EndProject
Project("{FAE04EC0-301F-11D3-BF4B-00C04F79EFBC}") = "TravelConcessionLibrary", "TravelConcessionLibrary\TravelConcessionLibrary.csproj", "{6DE2AF9B-374C-4387-B522-CB65D6863BEA}"
EndProject
Project("{FAE04EC0-301F-11D3-BF4B-00C04F79EFBC}") = "TravelConcessionApp", "TravelConcessionApp\TravelConcessionApp.csproj", "{9F3A3F40-D630-4C13-98A7-3AC4DE1DD298}"
EndProject
Global
	GlobalSection(SolutionConfigurationPlatforms) = preSolution
		Debug|Any CPU = Debug|Any CPU
		Release|Any CPU = Release|Any CPU
	EndGlobalSection
	GlobalSection(ProjectConfigurationPlatforms) = postSolution
		{05349958-4714-43DF-9AA4-1B13F006A6EA}.Debug|Any CPU.ActiveCfg = Debug|Any CPU
		{05349958-4714-43DF-9AA4-1B13F006A6EA}.Debug|Any CPU.Build.0 = Debug|Any CPU
		{05349958-4714-43DF-9AA4-1B13F006A6EA}.Release|Any CPU.ActiveCfg = Release|Any CPU
		{05349958-4714-43DF-9AA4-1B13F006A6EA}.Release|Any CPU.Build.0 = Release|Any CPU
		{6DE2AF9B-374C-4387-B522-CB65D6863BEA}.Debug|Any CPU.ActiveCfg = Debug|Any CPU
		{6DE2AF9B-374C-4387-B522-CB65D6863BEA}.Debug|Any CPU.Build.0 = Debug|Any CPU
		{6DE2AF9B-374C-4387-B522-CB65D6863BEA}.Release|Any CPU.ActiveCfg = Release|Any CPU
		{6DE2AF9B-374C-4387-B522-CB65D6863BEA}.Release|Any CPU.Build.0 = Release|Any CPU
		{9F3A3F40-D630-4C13-98A7-3AC4DE1DD298}.Debug|Any CPU.ActiveCfg = Debug|Any CPU
		{9F3A3F40-D630-4C13-98A7-3AC4DE1DD298}.Debug|Any CPU.Build.0 = Debug|Any CPU
		{9F3A3F40-D630-4C13-98A7-3AC4DE1DD298}.Release|Any CPU.ActiveCfg = Release|Any CPU
		{9F3A3F40-D630-4C13-98A7-3AC4DE1DD298}.Release|Any CPU.Build.0 = Release|Any CPU
	EndGlobalSection
	GlobalSection(SolutionProperties) = preSolution
		HideSolutionNode = FALSE
	EndGlobalSection
	GlobalSection(ExtensibilityGlobals) = postSolution
		SolutionGuid = {258AB821-6879-4FA4-A6F9-FD77893242FD}
	EndGlobalSection
EndGlobal
