
Microsoft Visual Studio Solution File, Format Version 12.00
# Visual Studio Version 16
VisualStudioVersion = 16.0.34902.97
MinimumVisualStudioVersion = 10.0.40219.1
Project("{FAE04EC0-301F-11D3-BF4B-00C04F79EFBC}") = "ConsoleApp1", "ConsoleApp1\ConsoleApp1.csproj", "{6D0CF105-2C26-4760-974F-87A28B6AD3D7}"
EndProject
Global
	GlobalSection(SolutionConfigurationPlatforms) = preSolution
		Debug|Any CPU = Debug|Any CPU
		Release|Any CPU = Release|Any CPU
	EndGlobalSection
	GlobalSection(ProjectConfigurationPlatforms) = postSolution
		{6D0CF105-2C26-4760-974F-87A28B6AD3D7}.Debug|Any CPU.ActiveCfg = Debug|Any CPU
		{6D0CF105-2C26-4760-974F-87A28B6AD3D7}.Debug|Any CPU.Build.0 = Debug|Any CPU
		{6D0CF105-2C26-4760-974F-87A28B6AD3D7}.Release|Any CPU.ActiveCfg = Release|Any CPU
		{6D0CF105-2C26-4760-974F-87A28B6AD3D7}.Release|Any CPU.Build.0 = Release|Any CPU
	EndGlobalSection
	GlobalSection(SolutionProperties) = preSolution
		HideSolutionNode = FALSE
	EndGlobalSection
	GlobalSection(ExtensibilityGlobals) = postSolution
		SolutionGuid = {3F515289-AE3E-4EE4-8FBC-16B5E1311F52}
	EndGlobalSection
EndGlobal
